
Microsoft Visual Studio Solution File, Format Version 12.00
# Visual Studio Version 16
VisualStudioVersion = 16.0.30621.155
MinimumVisualStudioVersion = 10.0.40219.1
Project("{8BC9CEB8-8B4A-11D0-8D11-00A0C91BC942}") = "Algorithms", "Algorithms.vcxproj", "{0DA4CB36-1DAD-4D9E-A708-F8A9B620EF1A}"
EndProject
Global
	GlobalSection(SolutionConfigurationPlatforms) = preSolution
		Debug|x64 = Debug|x64
		Release|x64 = Release|x64
	EndGlobalSection
	GlobalSection(ProjectConfigurationPlatforms) = postSolution
		{0DA4CB36-1DAD-4D9E-A708-F8A9B620EF1A}.Debug|x64.ActiveCfg = Debug|x64
		{0DA4CB36-1DAD-4D9E-A708-F8A9B620EF1A}.Debug|x64.Build.0 = Debug|x64
		{0DA4CB36-1DAD-4D9E-A708-F8A9B620EF1A}.Release|x64.ActiveCfg = Release|x64
		{0DA4CB36-1DAD-4D9E-A708-F8A9B620EF1A}.Release|x64.Build.0 = Release|x64
	EndGlobalSection
	GlobalSection(SolutionProperties) = preSolution
		HideSolutionNode = FALSE
	EndGlobalSection
	GlobalSection(ExtensibilityGlobals) = postSolution
		SolutionGuid = {EDB7FBF8-103E-4A4F-9784-F26A305120EB}
	EndGlobalSection
EndGlobal
